
Microsoft Visual Studio Solution File, Format Version 15.00
# Visual Studio 2017
Project("{FAE04EC0-301F-11D3-BF4B-00C04F79EFBC}") = "WhatsYummy", "WhatsYummy.csproj", "{F04B1E8E-2BBC-46FB-A8C5-600199E81260}"
EndProject
Global
	GlobalSection(SolutionConfigurationPlatforms) = preSolution
		Debug|Any CPU = Debug|Any CPU
		Release|Any CPU = Release|Any CPU
	EndGlobalSection
	GlobalSection(ProjectConfigurationPlatforms) = postSolution
		{F04B1E8E-2BBC-46FB-A8C5-600199E81260}.Debug|Any CPU.ActiveCfg = Debug|Any CPU
		{F04B1E8E-2BBC-46FB-A8C5-600199E81260}.Debug|Any CPU.Build.0 = Debug|Any CPU
		{F04B1E8E-2BBC-46FB-A8C5-600199E81260}.Release|Any CPU.ActiveCfg = Release|Any CPU
		{F04B1E8E-2BBC-46FB-A8C5-600199E81260}.Release|Any CPU.Build.0 = Release|Any CPU
	EndGlobalSection
EndGlobal
